
Microsoft Visual Studio Solution File, Format Version 12.00
# Visual Studio Version 16
VisualStudioVersion = 16.0.29411.108
MinimumVisualStudioVersion = 10.0.40219.1
Project("{FAE04EC0-301F-11D3-BF4B-00C04F79EFBC}") = "MobileClass.Android", "MobileClass\MobileClass.Android\MobileClass.Android.csproj", "{CAB03934-A145-4049-B338-DEE42549DB94}"
EndProject
Project("{FAE04EC0-301F-11D3-BF4B-00C04F79EFBC}") = "MobileClass.iOS", "MobileClass\MobileClass.iOS\MobileClass.iOS.csproj", "{F7D90DA7-CADC-4DCB-9956-A48227BBF868}"
EndProject
Project("{FAE04EC0-301F-11D3-BF4B-00C04F79EFBC}") = "MobileClass", "MobileClass\MobileClass\MobileClass.csproj", "{8E4DCD12-3A5D-4589-BE52-14C6324DF57B}"
EndProject
Global
	GlobalSection(SolutionConfigurationPlatforms) = preSolution
		Debug|Any CPU = Debug|Any CPU
		Debug|iPhone = Debug|iPhone
		Debug|iPhoneSimulator = Debug|iPhoneSimulator
		Release|Any CPU = Release|Any CPU
		Release|iPhone = Release|iPhone
		Release|iPhoneSimulator = Release|iPhoneSimulator
	EndGlobalSection
	GlobalSection(ProjectConfigurationPlatforms) = postSolution
		{CAB03934-A145-4049-B338-DEE42549DB94}.Debug|Any CPU.ActiveCfg = Debug|Any CPU
		{CAB03934-A145-4049-B338-DEE42549DB94}.Debug|Any CPU.Build.0 = Debug|Any CPU
		{CAB03934-A145-4049-B338-DEE42549DB94}.Debug|Any CPU.Deploy.0 = Debug|Any CPU
		{CAB03934-A145-4049-B338-DEE42549DB94}.Debug|iPhone.ActiveCfg = Debug|Any CPU
		{CAB03934-A145-4049-B338-DEE42549DB94}.Debug|iPhone.Build.0 = Debug|Any CPU
		{CAB03934-A145-4049-B338-DEE42549DB94}.Debug|iPhone.Deploy.0 = Debug|Any CPU
		{CAB03934-A145-4049-B338-DEE42549DB94}.Debug|iPhoneSimulator.ActiveCfg = Debug|Any CPU
		{CAB03934-A145-4049-B338-DEE42549DB94}.Debug|iPhoneSimulator.Build.0 = Debug|Any CPU
		{CAB03934-A145-4049-B338-DEE42549DB94}.Debug|iPhoneSimulator.Deploy.0 = Debug|Any CPU
		{CAB03934-A145-4049-B338-DEE42549DB94}.Release|Any CPU.ActiveCfg = Release|Any CPU
		{CAB03934-A145-4049-B338-DEE42549DB94}.Release|Any CPU.Build.0 = Release|Any CPU
		{CAB03934-A145-4049-B338-DEE42549DB94}.Release|Any CPU.Deploy.0 = Release|Any CPU
		{CAB03934-A145-4049-B338-DEE42549DB94}.Release|iPhone.ActiveCfg = Release|Any CPU
		{CAB03934-A145-4049-B338-DEE42549DB94}.Release|iPhone.Build.0 = Release|Any CPU
		{CAB03934-A145-4049-B338-DEE42549DB94}.Release|iPhone.Deploy.0 = Release|Any CPU
		{CAB03934-A145-4049-B338-DEE42549DB94}.Release|iPhoneSimulator.ActiveCfg = Release|Any CPU
		{CAB03934-A145-4049-B338-DEE42549DB94}.Release|iPhoneSimulator.Build.0 = Release|Any CPU
		{CAB03934-A145-4049-B338-DEE42549DB94}.Release|iPhoneSimulator.Deploy.0 = Release|Any CPU
		{F7D90DA7-CADC-4DCB-9956-A48227BBF868}.Debug|Any CPU.ActiveCfg = Debug|iPhoneSimulator
		{F7D90DA7-CADC-4DCB-9956-A48227BBF868}.Debug|Any CPU.Build.0 = Debug|iPhoneSimulator
		{F7D90DA7-CADC-4DCB-9956-A48227BBF868}.Debug|Any CPU.Deploy.0 = Debug|iPhoneSimulator
		{F7D90DA7-CADC-4DCB-9956-A48227BBF868}.Debug|iPhone.ActiveCfg = Debug|iPhone
		{F7D90DA7-CADC-4DCB-9956-A48227BBF868}.Debug|iPhone.Build.0 = Debug|iPhone
		{F7D90DA7-CADC-4DCB-9956-A48227BBF868}.Debug|iPhone.Deploy.0 = Debug|iPhone
		{F7D90DA7-CADC-4DCB-9956-A48227BBF868}.Debug|iPhoneSimulator.ActiveCfg = Debug|iPhoneSimulator
		{F7D90DA7-CADC-4DCB-9956-A48227BBF868}.Debug|iPhoneSimulator.Build.0 = Debug|iPhoneSimulator
		{F7D90DA7-CADC-4DCB-9956-A48227BBF868}.Debug|iPhoneSimulator.Deploy.0 = Debug|iPhoneSimulator
		{F7D90DA7-CADC-4DCB-9956-A48227BBF868}.Release|Any CPU.ActiveCfg = Release|iPhone
		{F7D90DA7-CADC-4DCB-9956-A48227BBF868}.Release|Any CPU.Build.0 = Release|iPhone
		{F7D90DA7-CADC-4DCB-9956-A48227BBF868}.Release|Any CPU.Deploy.0 = Release|iPhone
		{F7D90DA7-CADC-4DCB-9956-A48227BBF868}.Release|iPhone.ActiveCfg = Release|iPhone
		{F7D90DA7-CADC-4DCB-9956-A48227BBF868}.Release|iPhone.Build.0 = Release|iPhone
		{F7D90DA7-CADC-4DCB-9956-A48227BBF868}.Release|iPhone.Deploy.0 = Release|iPhone
		{F7D90DA7-CADC-4DCB-9956-A48227BBF868}.Release|iPhoneSimulator.ActiveCfg = Release|iPhoneSimulator
		{F7D90DA7-CADC-4DCB-9956-A48227BBF868}.Release|iPhoneSimulator.Build.0 = Release|iPhoneSimulator
		{F7D90DA7-CADC-4DCB-9956-A48227BBF868}.Release|iPhoneSimulator.Deploy.0 = Release|iPhoneSimulator
		{8E4DCD12-3A5D-4589-BE52-14C6324DF57B}.Debug|Any CPU.ActiveCfg = Debug|Any CPU
		{8E4DCD12-3A5D-4589-BE52-14C6324DF57B}.Debug|Any CPU.Build.0 = Debug|Any CPU
		{8E4DCD12-3A5D-4589-BE52-14C6324DF57B}.Debug|Any CPU.Deploy.0 = Debug|Any CPU
		{8E4DCD12-3A5D-4589-BE52-14C6324DF57B}.Debug|iPhone.ActiveCfg = Debug|Any CPU
		{8E4DCD12-3A5D-4589-BE52-14C6324DF57B}.Debug|iPhone.Build.0 = Debug|Any CPU
		{8E4DCD12-3A5D-4589-BE52-14C6324DF57B}.Debug|iPhone.Deploy.0 = Debug|Any CPU
		{8E4DCD12-3A5D-4589-BE52-14C6324DF57B}.Debug|iPhoneSimulator.ActiveCfg = Debug|Any CPU
		{8E4DCD12-3A5D-4589-BE52-14C6324DF57B}.Debug|iPhoneSimulator.Build.0 = Debug|Any CPU
		{8E4DCD12-3A5D-4589-BE52-14C6324DF57B}.Debug|iPhoneSimulator.Deploy.0 = Debug|Any CPU
		{8E4DCD12-3A5D-4589-BE52-14C6324DF57B}.Release|Any CPU.ActiveCfg = Release|Any CPU
		{8E4DCD12-3A5D-4589-BE52-14C6324DF57B}.Release|Any CPU.Build.0 = Release|Any CPU
		{8E4DCD12-3A5D-4589-BE52-14C6324DF57B}.Release|Any CPU.Deploy.0 = Release|Any CPU
		{8E4DCD12-3A5D-4589-BE52-14C6324DF57B}.Release|iPhone.ActiveCfg = Release|Any CPU
		{8E4DCD12-3A5D-4589-BE52-14C6324DF57B}.Release|iPhone.Build.0 = Release|Any CPU
		{8E4DCD12-3A5D-4589-BE52-14C6324DF57B}.Release|iPhone.Deploy.0 = Release|Any CPU
		{8E4DCD12-3A5D-4589-BE52-14C6324DF57B}.Release|iPhoneSimulator.ActiveCfg = Release|Any CPU
		{8E4DCD12-3A5D-4589-BE52-14C6324DF57B}.Release|iPhoneSimulator.Build.0 = Release|Any CPU
		{8E4DCD12-3A5D-4589-BE52-14C6324DF57B}.Release|iPhoneSimulator.Deploy.0 = Release|Any CPU
	EndGlobalSection
	GlobalSection(SolutionProperties) = preSolution
		HideSolutionNode = FALSE
	EndGlobalSection
	GlobalSection(ExtensibilityGlobals) = postSolution
		SolutionGuid = {D732A05E-2D68-4298-A025-7082149B53F9}
	EndGlobalSection
EndGlobal
